// !$*UTF8*$!
{
	archiveVersion = 1;
	classes = {
	};
	objectVersion = 55;
	objects = {

/* Begin PBXBuildFile section */
		5A640FE328A38F9800258ED9 /* AppDelegate.swift in Sources */ = {isa = PBXBuildFile; fileRef = 5A640FE228A38F9800258ED9 /* AppDelegate.swift */; };
		5A640FE528A38F9800258ED9 /* ViewController.swift in Sources */ = {isa = PBXBuildFile; fileRef = 5A640FE428A38F9800258ED9 /* ViewController.swift */; };
		5A640FE728A38F9A00258ED9 /* Assets.xcassets in Resources */ = {isa = PBXBuildFile; fileRef = 5A640FE628A38F9A00258ED9 /* Assets.xcassets */; };
		5A640FEA28A38F9A00258ED9 /* Main.storyboard in Resources */ = {isa = PBXBuildFile; fileRef = 5A640FE828A38F9A00258ED9 /* Main.storyboard */; };
		5A640FF828A38FBD00258ED9 /* FinderSync.swift in Sources */ = {isa = PBXBuildFile; fileRef = 5A640FF728A38FBD00258ED9 /* FinderSync.swift */; };
		5A640FFD28A38FBD00258ED9 /* FinderExt.appex in Embed App Extensions */ = {isa = PBXBuildFile; fileRef = 5A640FF528A38FBD00258ED9 /* FinderExt.appex */; settings = {ATTRIBUTES = (RemoveHeadersOnCopy, ); }; };
/* End PBXBuildFile section */

/* Begin PBXContainerItemProxy section */
		5A640FFB28A38FBD00258ED9 /* PBXContainerItemProxy */ = {
			isa = PBXContainerItemProxy;
			containerPortal = 5A640FD728A38F9800258ED9 /* Project object */;
			proxyType = 1;
			remoteGlobalIDString = 5A640FF428A38FBD00258ED9;
			remoteInfo = FinderExt;
		};
/* End PBXContainerItemProxy section */

/* Begin PBXCopyFilesBuildPhase section */
		5A64100128A38FBD00258ED9 /* Embed App Extensions */ = {
			isa = PBXCopyFilesBuildPhase;
			buildActionMask = 2147483647;
			dstPath = "";
			dstSubfolderSpec = 13;
			files = (
				5A640FFD28A38FBD00258ED9 /* FinderExt.appex in Embed App Extensions */,
			);
			name = "Embed App Extensions";
			runOnlyForDeploymentPostprocessing = 0;
		};
/* End PBXCopyFilesBuildPhase section */

/* Begin PBXFileReference section */
		5A640FDF28A38F9800258ED9 /* FinderPlus.app */ = {isa = PBXFileReference; explicitFileType = wrapper.application; includeInIndex = 0; path = FinderPlus.app; sourceTree = BUILT_PRODUCTS_DIR; };
		5A640FE228A38F9800258ED9 /* AppDelegate.swift */ = {isa = PBXFileReference; lastKnownFileType = sourcecode.swift; path = AppDelegate.swift; sourceTree = "<group>"; };
		5A640FE428A38F9800258ED9 /* ViewController.swift */ = {isa = PBXFileReference; lastKnownFileType = sourcecode.swift; path = ViewController.swift; sourceTree = "<group>"; };
		5A640FE628A38F9A00258ED9 /* Assets.xcassets */ = {isa = PBXFileReference; lastKnownFileType = folder.assetcatalog; path = Assets.xcassets; sourceTree = "<group>"; };
		5A640FE928A38F9A00258ED9 /* Base */ = {isa = PBXFileReference; lastKnownFileType = file.storyboard; name = Base; path = Base.lproj/Main.storyboard; sourceTree = "<group>"; };
		5A640FEB28A38F9A00258ED9 /* FinderPlus.entitlements */ = {isa = PBXFileReference; lastKnownFileType = text.plist.entitlements; path = FinderPlus.entitlements; sourceTree = "<group>"; };
		5A640FF528A38FBD00258ED9 /* FinderExt.appex */ = {isa = PBXFileReference; explicitFileType = "wrapper.app-extension"; includeInIndex = 0; path = FinderExt.appex; sourceTree = BUILT_PRODUCTS_DIR; };
		5A640FF728A38FBD00258ED9 /* FinderSync.swift */ = {isa = PBXFileReference; lastKnownFileType = sourcecode.swift; path = FinderSync.swift; sourceTree = "<group>"; };
		5A640FF928A38FBD00258ED9 /* Info.plist */ = {isa = PBXFileReference; lastKnownFileType = text.plist.xml; path = Info.plist; sourceTree = "<group>"; };
		5A640FFA28A38FBD00258ED9 /* FinderExt.entitlements */ = {isa = PBXFileReference; lastKnownFileType = text.plist.entitlements; path = FinderExt.entitlements; sourceTree = "<group>"; };
/* End PBXFileReference section */

/* Begin PBXFrameworksBuildPhase section */
		5A640FDC28A38F9800258ED9 /* Frameworks */ = {
			isa = PBXFrameworksBuildPhase;
			buildActionMask = 2147483647;
			files = (
			);
			runOnlyForDeploymentPostprocessing = 0;
		};
		5A640FF228A38FBD00258ED9 /* Frameworks */ = {
			isa = PBXFrameworksBuildPhase;
			buildActionMask = 2147483647;
			files = (
			);
			runOnlyForDeploymentPostprocessing = 0;
		};
/* End PBXFrameworksBuildPhase section */

/* Begin PBXGroup section */
		5A640FD628A38F9800258ED9 = {
			isa = PBXGroup;
			children = (
				5A640FE128A38F9800258ED9 /* FinderPlus */,
				5A640FF628A38FBD00258ED9 /* FinderExt */,
				5A640FE028A38F9800258ED9 /* Products */,
			);
			sourceTree = "<group>";
		};
		5A640FE028A38F9800258ED9 /* Products */ = {
			isa = PBXGroup;
			children = (
				5A640FDF28A38F9800258ED9 /* FinderPlus.app */,
				5A640FF528A38FBD00258ED9 /* FinderExt.appex */,
			);
			name = Products;
			sourceTree = "<group>";
		};
		5A640FE128A38F9800258ED9 /* FinderPlus */ = {
			isa = PBXGroup;
			children = (
				5A640FE228A38F9800258ED9 /* AppDelegate.swift */,
				5A640FE428A38F9800258ED9 /* ViewController.swift */,
				5A640FE628A38F9A00258ED9 /* Assets.xcassets */,
				5A640FE828A38F9A00258ED9 /* Main.storyboard */,
				5A640FEB28A38F9A00258ED9 /* FinderPlus.entitlements */,
			);
			path = FinderPlus;
			sourceTree = "<group>";
		};
		5A640FF628A38FBD00258ED9 /* FinderExt */ = {
			isa = PBXGroup;
			children = (
				5A640FF728A38FBD00258ED9 /* FinderSync.swift */,
				5A640FF928A38FBD00258ED9 /* Info.plist */,
				5A640FFA28A38FBD00258ED9 /* FinderExt.entitlements */,
			);
			path = FinderExt;
			sourceTree = "<group>";
		};
/* End PBXGroup section */

/* Begin PBXNativeTarget section */
		5A640FDE28A38F9800258ED9 /* FinderPlus */ = {
			isa = PBXNativeTarget;
			buildConfigurationList = 5A640FEE28A38F9A00258ED9 /* Build configuration list for PBXNativeTarget "FinderPlus" */;
			buildPhases = (
				5A640FDB28A38F9800258ED9 /* Sources */,
				5A640FDC28A38F9800258ED9 /* Frameworks */,
				5A640FDD28A38F9800258ED9 /* Resources */,
				5A64100128A38FBD00258ED9 /* Embed App Extensions */,
			);
			buildRules = (
			);
			dependencies = (
				5A640FFC28A38FBD00258ED9 /* PBXTargetDependency */,
			);
			name = FinderPlus;
			productName = FinderPlus;
			productReference = 5A640FDF28A38F9800258ED9 /* FinderPlus.app */;
			productType = "com.apple.product-type.application";
		};
		5A640FF428A38FBD00258ED9 /* FinderExt */ = {
			isa = PBXNativeTarget;
			buildConfigurationList = 5A640FFE28A38FBD00258ED9 /* Build configuration list for PBXNativeTarget "FinderExt" */;
			buildPhases = (
				5A640FF128A38FBD00258ED9 /* Sources */,
				5A640FF228A38FBD00258ED9 /* Frameworks */,
				5A640FF328A38FBD00258ED9 /* Resources */,
			);
			buildRules = (
			);
			dependencies = (
			);
			name = FinderExt;
			productName = FinderExt;
			productReference = 5A640FF528A38FBD00258ED9 /* FinderExt.appex */;
			productType = "com.apple.product-type.app-extension";
		};
/* End PBXNativeTarget section */

/* Begin PBXProject section */
		5A640FD728A38F9800258ED9 /* Project object */ = {
			isa = PBXProject;
			attributes = {
				BuildIndependentTargetsInParallel = 1;
				LastSwiftUpdateCheck = 1340;
				LastUpgradeCheck = 1340;
				TargetAttributes = {
					5A640FDE28A38F9800258ED9 = {
						CreatedOnToolsVersion = 13.4.1;
					};
					5A640FF428A38FBD00258ED9 = {
						CreatedOnToolsVersion = 13.4.1;
					};
				};
			};
			buildConfigurationList = 5A640FDA28A38F9800258ED9 /* Build configuration list for PBXProject "FinderPlus" */;
			compatibilityVersion = "Xcode 13.0";
			developmentRegion = en;
			hasScannedForEncodings = 0;
			knownRegions = (
				en,
				Base,
			);
			mainGroup = 5A640FD628A38F9800258ED9;
			productRefGroup = 5A640FE028A38F9800258ED9 /* Products */;
			projectDirPath = "";
			projectRoot = "";
			targets = (
				5A640FDE28A38F9800258ED9 /* FinderPlus */,
				5A640FF428A38FBD00258ED9 /* FinderExt */,
			);
		};
/* End PBXProject section */

/* Begin PBXResourcesBuildPhase section */
		5A640FDD28A38F9800258ED9 /* Resources */ = {
			isa = PBXResourcesBuildPhase;
			buildActionMask = 2147483647;
			files = (
				5A640FE728A38F9A00258ED9 /* Assets.xcassets in Resources */,
				5A640FEA28A38F9A00258ED9 /* Main.storyboard in Resources */,
			);
			runOnlyForDeploymentPostprocessing = 0;
		};
		5A640FF328A38FBD00258ED9 /* Resources */ = {
			isa = PBXResourcesBuildPhase;
			buildActionMask = 2147483647;
			files = (
			);
			runOnlyForDeploymentPostprocessing = 0;
		};
/* End PBXResourcesBuildPhase section */

/* Begin PBXSourcesBuildPhase section */
		5A640FDB28A38F9800258ED9 /* Sources */ = {
			isa = PBXSourcesBuildPhase;
			buildActionMask = 2147483647;
			files = (
				5A640FE528A38F9800258ED9 /* ViewController.swift in Sources */,
				5A640FE328A38F9800258ED9 /* AppDelegate.swift in Sources */,
			);
			runOnlyForDeploymentPostprocessing = 0;
		};
		5A640FF128A38FBD00258ED9 /* Sources */ = {
			isa = PBXSourcesBuildPhase;
			buildActionMask = 2147483647;
			files = (
				5A640FF828A38FBD00258ED9 /* FinderSync.swift in Sources */,
			);
			runOnlyForDeploymentPostprocessing = 0;
		};
/* End PBXSourcesBuildPhase section */

/* Begin PBXTargetDependency section */
		5A640FFC28A38FBD00258ED9 /* PBXTargetDependency */ = {
			isa = PBXTargetDependency;
			target = 5A640FF428A38FBD00258ED9 /* FinderExt */;
			targetProxy = 5A640FFB28A38FBD00258ED9 /* PBXContainerItemProxy */;
		};
/* End PBXTargetDependency section */

/* Begin PBXVariantGroup section */
		5A640FE828A38F9A00258ED9 /* Main.storyboard */ = {
			isa = PBXVariantGroup;
			children = (
				5A640FE928A38F9A00258ED9 /* Base */,
			);
			name = Main.storyboard;
			sourceTree = "<group>";
		};
/* End PBXVariantGroup section */

/* Begin XCBuildConfiguration section */
		5A640FEC28A38F9A00258ED9 /* Debug */ = {
			isa = XCBuildConfiguration;
			buildSettings = {
				ALWAYS_SEARCH_USER_PATHS = NO;
				CLANG_ANALYZER_NONNULL = YES;
				CLANG_ANALYZER_NUMBER_OBJECT_CONVERSION = YES_AGGRESSIVE;
				CLANG_CXX_LANGUAGE_STANDARD = "gnu++17";
				CLANG_ENABLE_MODULES = YES;
				CLANG_ENABLE_OBJC_ARC = YES;
				CLANG_ENABLE_OBJC_WEAK = YES;
				CLANG_WARN_BLOCK_CAPTURE_AUTORELEASING = YES;
				CLANG_WARN_BOOL_CONVERSION = YES;
				CLANG_WARN_COMMA = YES;
				CLANG_WARN_CONSTANT_CONVERSION = YES;
				CLANG_WARN_DEPRECATED_OBJC_IMPLEMENTATIONS = YES;
				CLANG_WARN_DIRECT_OBJC_ISA_USAGE = YES_ERROR;
				CLANG_WARN_DOCUMENTATION_COMMENTS = YES;
				CLANG_WARN_EMPTY_BODY = YES;
				CLANG_WARN_ENUM_CONVERSION = YES;
				CLANG_WARN_INFINITE_RECURSION = YES;
				CLANG_WARN_INT_CONVERSION = YES;
				CLANG_WARN_NON_LITERAL_NULL_CONVERSION = YES;
				CLANG_WARN_OBJC_IMPLICIT_RETAIN_SELF = YES;
				CLANG_WARN_OBJC_LITERAL_CONVERSION = YES;
				CLANG_WARN_OBJC_ROOT_CLASS = YES_ERROR;
				CLANG_WARN_QUOTED_INCLUDE_IN_FRAMEWORK_HEADER = YES;
				CLANG_WARN_RANGE_LOOP_ANALYSIS = YES;
				CLANG_WARN_STRICT_PROTOTYPES = YES;
				CLANG_WARN_SUSPICIOUS_MOVE = YES;
				CLANG_WARN_UNGUARDED_AVAILABILITY = YES_AGGRESSIVE;
				CLANG_WARN_UNREACHABLE_CODE = YES;
				CLANG_WARN__DUPLICATE_METHOD_MATCH = YES;
				COPY_PHASE_STRIP = NO;
				DEBUG_INFORMATION_FORMAT = dwarf;
				ENABLE_STRICT_OBJC_MSGSEND = YES;
				ENABLE_TESTABILITY = YES;
				GCC_C_LANGUAGE_STANDARD = gnu11;
				GCC_DYNAMIC_NO_PIC = NO;
				GCC_NO_COMMON_BLOCKS = YES;
				GCC_OPTIMIZATION_LEVEL = 0;
				GCC_PREPROCESSOR_DEFINITIONS = (
					"DEBUG=1",
					"$(inherited)",
				);
				GCC_WARN_64_TO_32_BIT_CONVERSION = YES;
				GCC_WARN_ABOUT_RETURN_TYPE = YES_ERROR;
				GCC_WARN_UNDECLARED_SELECTOR = YES;
				GCC_WARN_UNINITIALIZED_AUTOS = YES_AGGRESSIVE;
				GCC_WARN_UNUSED_FUNCTION = YES;
				GCC_WARN_UNUSED_VARIABLE = YES;
				MACOSX_DEPLOYMENT_TARGET = 12.3;
				MTL_ENABLE_DEBUG_INFO = INCLUDE_SOURCE;
				MTL_FAST_MATH = YES;
				ONLY_ACTIVE_ARCH = YES;
				SDKROOT = macosx;
				SWIFT_ACTIVE_COMPILATION_CONDITIONS = DEBUG;
				SWIFT_OPTIMIZATION_LEVEL = "-Onone";
			};
			name = Debug;
		};
		5A640FED28A38F9A00258ED9 /* Release */ = {
			isa = XCBuildConfiguration;
			buildSettings = {
				ALWAYS_SEARCH_USER_PATHS = NO;
				CLANG_ANALYZER_NONNULL = YES;
				CLANG_ANALYZER_NUMBER_OBJECT_CONVERSION = YES_AGGRESSIVE;
				CLANG_CXX_LANGUAGE_STANDARD = "gnu++17";
				CLANG_ENABLE_MODULES = YES;
				CLANG_ENABLE_OBJC_ARC = YES;
				CLANG_ENABLE_OBJC_WEAK = YES;
				CLANG_WARN_BLOCK_CAPTURE_AUTORELEASING = YES;
				CLANG_WARN_BOOL_CONVERSION = YES;
				CLANG_WARN_COMMA = YES;
				CLANG_WARN_CONSTANT_CONVERSION = YES;
				CLANG_WARN_DEPRECATED_OBJC_IMPLEMENTATIONS = YES;
				CLANG_WARN_DIRECT_OBJC_ISA_USAGE = YES_ERROR;
				CLANG_WARN_DOCUMENTATION_COMMENTS = YES;
				CLANG_WARN_EMPTY_BODY = YES;
				CLANG_WARN_ENUM_CONVERSION = YES;
				CLANG_WARN_INFINITE_RECURSION = YES;
				CLANG_WARN_INT_CONVERSION = YES;
				CLANG_WARN_NON_LITERAL_NULL_CONVERSION = YES;
				CLANG_WARN_OBJC_IMPLICIT_RETAIN_SELF = YES;
				CLANG_WARN_OBJC_LITERAL_CONVERSION = YES;
				CLANG_WARN_OBJC_ROOT_CLASS = YES_ERROR;
				CLANG_WARN_QUOTED_INCLUDE_IN_FRAMEWORK_HEADER = YES;
				CLANG_WARN_RANGE_LOOP_ANALYSIS = YES;
				CLANG_WARN_STRICT_PROTOTYPES = YES;
				CLANG_WARN_SUSPICIOUS_MOVE = YES;
				CLANG_WARN_UNGUARDED_AVAILABILITY = YES_AGGRESSIVE;
				CLANG_WARN_UNREACHABLE_CODE = YES;
				CLANG_WARN__DUPLICATE_METHOD_MATCH = YES;
				COPY_PHASE_STRIP = NO;
				DEBUG_INFORMATION_FORMAT = "dwarf-with-dsym";
				ENABLE_NS_ASSERTIONS = NO;
				ENABLE_STRICT_OBJC_MSGSEND = YES;
				GCC_C_LANGUAGE_STANDARD = gnu11;
				GCC_NO_COMMON_BLOCKS = YES;
				GCC_WARN_64_TO_32_BIT_CONVERSION = YES;
				GCC_WARN_ABOUT_RETURN_TYPE = YES_ERROR;
				GCC_WARN_UNDECLARED_SELECTOR = YES;
				GCC_WARN_UNINITIALIZED_AUTOS = YES_AGGRESSIVE;
				GCC_WARN_UNUSED_FUNCTION = YES;
				GCC_WARN_UNUSED_VARIABLE = YES;
				MACOSX_DEPLOYMENT_TARGET = 12.3;
				MTL_ENABLE_DEBUG_INFO = NO;
				MTL_FAST_MATH = YES;
				SDKROOT = macosx;
				SWIFT_COMPILATION_MODE = wholemodule;
				SWIFT_OPTIMIZATION_LEVEL = "-O";
			};
			name = Release;
		};
		5A640FEF28A38F9A00258ED9 /* Debug */ = {
			isa = XCBuildConfiguration;
			buildSettings = {
				ALWAYS_EMBED_SWIFT_STANDARD_LIBRARIES = YES;
				ASSETCATALOG_COMPILER_APPICON_NAME = AppIcon;
				ASSETCATALOG_COMPILER_GLOBAL_ACCENT_COLOR_NAME = AccentColor;
				CODE_SIGN_ENTITLEMENTS = FinderPlus/FinderPlus.entitlements;
				CODE_SIGN_STYLE = Automatic;
				COMBINE_HIDPI_IMAGES = YES;
				CURRENT_PROJECT_VERSION = 1;
				DEVELOPMENT_TEAM = 534C989ZLQ;
				ENABLE_HARDENED_RUNTIME = YES;
				GENERATE_INFOPLIST_FILE = YES;
				INFOPLIST_KEY_NSHumanReadableCopyright = "";
				INFOPLIST_KEY_NSMainStoryboardFile = Main;
				INFOPLIST_KEY_NSPrincipalClass = NSApplication;
				LD_RUNPATH_SEARCH_PATHS = (
					"$(inherited)",
					"@executable_path/../Frameworks",
				);
				MARKETING_VERSION = 1.0;
				PRODUCT_BUNDLE_IDENTIFIER = kotleni.FinderPlus;
				PRODUCT_NAME = "$(TARGET_NAME)";
				SWIFT_EMIT_LOC_STRINGS = YES;
				SWIFT_VERSION = 5.0;
			};
			name = Debug;
		};
		5A640FF028A38F9A00258ED9 /* Release */ = {
			isa = XCBuildConfiguration;
			buildSettings = {
				ALWAYS_EMBED_SWIFT_STANDARD_LIBRARIES = YES;
				ASSETCATALOG_COMPILER_APPICON_NAME = AppIcon;
				ASSETCATALOG_COMPILER_GLOBAL_ACCENT_COLOR_NAME = AccentColor;
				CODE_SIGN_ENTITLEMENTS = FinderPlus/FinderPlus.entitlements;
				CODE_SIGN_STYLE = Automatic;
				COMBINE_HIDPI_IMAGES = YES;
				CURRENT_PROJECT_VERSION = 1;
				DEVELOPMENT_TEAM = 534C989ZLQ;
				ENABLE_HARDENED_RUNTIME = YES;
				GENERATE_INFOPLIST_FILE = YES;
				INFOPLIST_KEY_NSHumanReadableCopyright = "";
				INFOPLIST_KEY_NSMainStoryboardFile = Main;
				INFOPLIST_KEY_NSPrincipalClass = NSApplication;
				LD_RUNPATH_SEARCH_PATHS = (
					"$(inherited)",
					"@executable_path/../Frameworks",
				);
				MARKETING_VERSION = 1.0;
				PRODUCT_BUNDLE_IDENTIFIER = kotleni.FinderPlus;
				PRODUCT_NAME = "$(TARGET_NAME)";
				SWIFT_EMIT_LOC_STRINGS = YES;
				SWIFT_VERSION = 5.0;
			};
			name = Release;
		};
		5A640FFF28A38FBD00258ED9 /* Debug */ = {
			isa = XCBuildConfiguration;
			buildSettings = {
				CODE_SIGN_ENTITLEMENTS = FinderExt/FinderExt.entitlements;
				CODE_SIGN_STYLE = Automatic;
				COMBINE_HIDPI_IMAGES = YES;
				CURRENT_PROJECT_VERSION = 1;
				DEVELOPMENT_TEAM = 534C989ZLQ;
				ENABLE_HARDENED_RUNTIME = YES;
				GENERATE_INFOPLIST_FILE = YES;
				INFOPLIST_FILE = FinderExt/Info.plist;
				INFOPLIST_KEY_CFBundleDisplayName = FinderExt;
				INFOPLIST_KEY_NSHumanReadableCopyright = "";
				LD_RUNPATH_SEARCH_PATHS = (
					"$(inherited)",
					"@executable_path/../Frameworks",
					"@executable_path/../../../../Frameworks",
				);
				MARKETING_VERSION = 1.0;
				PRODUCT_BUNDLE_IDENTIFIER = kotleni.FinderPlus.FinderExt;
				PRODUCT_NAME = "$(TARGET_NAME)";
				SKIP_INSTALL = YES;
				SWIFT_EMIT_LOC_STRINGS = YES;
				SWIFT_VERSION = 5.0;
			};
			name = Debug;
		};
		5A64100028A38FBD00258ED9 /* Release */ = {
			isa = XCBuildConfiguration;
			buildSettings = {
				CODE_SIGN_ENTITLEMENTS = FinderExt/FinderExt.entitlements;
				CODE_SIGN_STYLE = Automatic;
				COMBINE_HIDPI_IMAGES = YES;
				CURRENT_PROJECT_VERSION = 1;
				DEVELOPMENT_TEAM = 534C989ZLQ;
				ENABLE_HARDENED_RUNTIME = YES;
				GENERATE_INFOPLIST_FILE = YES;
				INFOPLIST_FILE = FinderExt/Info.plist;
				INFOPLIST_KEY_CFBundleDisplayName = FinderExt;
				INFOPLIST_KEY_NSHumanReadableCopyright = "";
				LD_RUNPATH_SEARCH_PATHS = (
					"$(inherited)",
					"@executable_path/../Frameworks",
					"@executable_path/../../../../Frameworks",
				);
				MARKETING_VERSION = 1.0;
				PRODUCT_BUNDLE_IDENTIFIER = kotleni.FinderPlus.FinderExt;
				PRODUCT_NAME = "$(TARGET_NAME)";
				SKIP_INSTALL = YES;
				SWIFT_EMIT_LOC_STRINGS = YES;
				SWIFT_VERSION = 5.0;
			};
			name = Release;
		};
/* End XCBuildConfiguration section */

/* Begin XCConfigurationList section */
		5A640FDA28A38F9800258ED9 /* Build configuration list for PBXProject "FinderPlus" */ = {
			isa = XCConfigurationList;
			buildConfigurations = (
				5A640FEC28A38F9A00258ED9 /* Debug */,
				5A640FED28A38F9A00258ED9 /* Release */,
			);
			defaultConfigurationIsVisible = 0;
			defaultConfigurationName = Release;
		};
		5A640FEE28A38F9A00258ED9 /* Build configuration list for PBXNativeTarget "FinderPlus" */ = {
			isa = XCConfigurationList;
			buildConfigurations = (
				5A640FEF28A38F9A00258ED9 /* Debug */,
				5A640FF028A38F9A00258ED9 /* Release */,
			);
			defaultConfigurationIsVisible = 0;
			defaultConfigurationName = Release;
		};
		5A640FFE28A38FBD00258ED9 /* Build configuration list for PBXNativeTarget "FinderExt" */ = {
			isa = XCConfigurationList;
			buildConfigurations = (
				5A640FFF28A38FBD00258ED9 /* Debug */,
				5A64100028A38FBD00258ED9 /* Release */,
			);
			defaultConfigurationIsVisible = 0;
			defaultConfigurationName = Release;
		};
/* End XCConfigurationList section */
	};
	rootObject = 5A640FD728A38F9800258ED9 /* Project object */;
}
